{
  "name": "csv-parsing-example",
  "version": "1.0.0",
  "lockfileVersion": 1,
  "requires": true,
  "dependencies": {
    "csv-parse": {
      "version": "4.3.1",
      "resolved": "https://registry.npmjs.org/csv-parse/-/csv-parse-4.3.1.tgz",
      "integrity": "sha512-1V98UTtfefu8yKdYIGX1LFhfE2yMllveq2uCBay5y4ybfTzvW6I4M6r8Yc2YnKJdJBUig5ksEMh/bLqKg4vEMQ=="
    }
  }
}
